
Microsoft Visual Studio Solution File, Format Version 12.00
# Visual Studio Version 16
VisualStudioVersion = 16.0.31424.327
MinimumVisualStudioVersion = 10.0.40219.1
Project("{FAE04EC0-301F-11D3-BF4B-00C04F79EFBC}") = "calculadora", "calculadora.csproj", "{BCD3C589-A244-45E3-94EA-65415DD0332E}"
EndProject
Global
	GlobalSection(SolutionConfigurationPlatforms) = preSolution
		Debug|Any CPU = Debug|Any CPU
		Release|Any CPU = Release|Any CPU
	EndGlobalSection
	GlobalSection(ProjectConfigurationPlatforms) = postSolution
		{BCD3C589-A244-45E3-94EA-65415DD0332E}.Debug|Any CPU.ActiveCfg = Debug|Any CPU
		{BCD3C589-A244-45E3-94EA-65415DD0332E}.Debug|Any CPU.Build.0 = Debug|Any CPU
		{BCD3C589-A244-45E3-94EA-65415DD0332E}.Release|Any CPU.ActiveCfg = Release|Any CPU
		{BCD3C589-A244-45E3-94EA-65415DD0332E}.Release|Any CPU.Build.0 = Release|Any CPU
	EndGlobalSection
	GlobalSection(SolutionProperties) = preSolution
		HideSolutionNode = FALSE
	EndGlobalSection
	GlobalSection(ExtensibilityGlobals) = postSolution
		SolutionGuid = {94DCD4AE-FE0A-47E2-96D2-3953F011AD96}
	EndGlobalSection
EndGlobal
